
Microsoft Visual Studio Solution File, Format Version 12.00
# Visual Studio Version 16
VisualStudioVersion = 16.0.30320.27
MinimumVisualStudioVersion = 10.0.40219.1
Project("{FAE04EC0-301F-11D3-BF4B-00C04F79EFBC}") = "Fibonacci", "Fibonacci.csproj", "{B3CD721D-308D-43B3-A2A0-C3AA0344117D}"
EndProject
Global
	GlobalSection(SolutionConfigurationPlatforms) = preSolution
		Debug|Any CPU = Debug|Any CPU
		Release|Any CPU = Release|Any CPU
	EndGlobalSection
	GlobalSection(ProjectConfigurationPlatforms) = postSolution
		{B3CD721D-308D-43B3-A2A0-C3AA0344117D}.Debug|Any CPU.ActiveCfg = Debug|Any CPU
		{B3CD721D-308D-43B3-A2A0-C3AA0344117D}.Debug|Any CPU.Build.0 = Debug|Any CPU
		{B3CD721D-308D-43B3-A2A0-C3AA0344117D}.Release|Any CPU.ActiveCfg = Release|Any CPU
		{B3CD721D-308D-43B3-A2A0-C3AA0344117D}.Release|Any CPU.Build.0 = Release|Any CPU
	EndGlobalSection
	GlobalSection(SolutionProperties) = preSolution
		HideSolutionNode = FALSE
	EndGlobalSection
	GlobalSection(ExtensibilityGlobals) = postSolution
		SolutionGuid = {BC6B57FD-CA4E-4497-B209-1734DDB36A96}
	EndGlobalSection
EndGlobal
